# This file is automatically @generated by Cargo.
# It is not intended for manual editing.
version = 3

[[package]]
name = "nivra-cli"
version = "0.8.0"
dependencies = [
 "nivra-diagnostics",
 "nivra-lexer",
 "nivra-parser",
 "nivra-sema",
 "nivra-source",
 "nivra-syntax",
 "nivra-types",
]

[[package]]
name = "nivra-diagnostics"
version = "0.8.0"
dependencies = [
 "nivra-source",
]

[[package]]
name = "nivra-lexer"
version = "0.8.0"
dependencies = [
 "nivra-diagnostics",
 "nivra-source",
]

[[package]]
name = "nivra-parser"
version = "0.8.0"
dependencies = [
 "nivra-diagnostics",
 "nivra-lexer",
 "nivra-source",
 "nivra-syntax",
]

[[package]]
name = "nivra-sema"
version = "0.8.0"
dependencies = [
 "nivra-diagnostics",
 "nivra-lexer",
 "nivra-parser",
 "nivra-source",
 "nivra-syntax",
]

[[package]]
name = "nivra-source"
version = "0.8.0"

[[package]]
name = "nivra-syntax"
version = "0.8.0"
dependencies = [
 "nivra-lexer",
 "nivra-source",
]

[[package]]
name = "nivra-types"
version = "0.8.0"
dependencies = [
 "nivra-diagnostics",
 "nivra-lexer",
 "nivra-parser",
 "nivra-sema",
 "nivra-source",
 "nivra-syntax",
]
