# This file is automatically @generated by Cargo.
# It is not intended for manual editing.
version = 3

[[package]]
name = "nivra-cli"
version = "0.3.0"
dependencies = [
 "nivra-diagnostics",
 "nivra-lexer",
 "nivra-source",
]

[[package]]
name = "nivra-diagnostics"
version = "0.3.0"
dependencies = [
 "nivra-source",
]

[[package]]
name = "nivra-lexer"
version = "0.3.0"
dependencies = [
 "nivra-diagnostics",
 "nivra-source",
]

[[package]]
name = "nivra-source"
version = "0.3.0"
